<Solution>
  <Folder Name="/Libraries/">
    <Project Path="Extras/Extras.csproj" />
    <Project Path="Vb6ToCSharp.Gtk.UpgradeHelpers/Vb6ToCSharp.Gtk.UpgradeHelpers.csproj" />
    <Project Path="Vb6ToCSharp.Library/Vb6ToCSharp.Library.csproj" />
    <Project Path="Vb6ToCSharp.Base.UpgradeHelpers/Vb6ToCSharp.Base.UpgradeHelpers.csproj" />
    <Project Path="Vb6ToCSharp.Base.UpgradeHelpers.Shared/Vb6ToCSharp.Base.UpgradeHelpers.Shared.shproj" />
    <Project Path="Vb6ToCSharp.WinForms.UpgradeHelpers/Vb6ToCSharp.WinForms.UpgradeHelpers.csproj" />
    <Project Path="Vb6ToCSharp.WPF.UpgradeHelpers/Vb6ToCSharp.WPF.UpgradeHelpers.csproj" />
  </Folder>
  <Folder Name="/Solution Items/">
    <File Path=".gitignore" />
    <File Path="Directory.Build.Props" />
    <File Path="Directory.Nuget.Props" />
    <File Path="LICENSE.txt" />
    <File Path="NuGet.Config" />
  </Folder>
  <Folder Name="/Tests/">
    <Project Path="Extras.Tests/Extras.Tests.csproj" Id="80928e1c-7e3c-4c7b-8ccf-1351fc34a1b2" />
    <Project Path="Vb6ToCSharp.Gtk.UpgradeHelpers.Tests/Vb6ToCSharp.Gtk.UpgradeHelpers.Tests.csproj" />
    <Project Path="Vb6ToCSharp.Tests/Vb6ToCSharp.Tests.csproj" Id="40236d1d-7258-4a03-ae4e-56a321772ae1" />
    <Project Path="Vb6ToCSharp.Base.UpgradeHelpers.Tests/Vb6ToCSharp.Base.UpgradeHelpers.Tests.csproj" />
    <Project Path="Vb6ToCSharp.WinForms.UpgradeHelpers.Tests/Vb6ToCSharp.WinForms.UpgradeHelpers.Tests.csproj" />
    <Project Path="Vb6ToCSharp.WPF.UpgradeHelpers.Tests/Vb6ToCSharp.WPF.UpgradeHelpers.Tests.csproj" />
  </Folder>
  <Project Path="Vb6ToCSharp/Vb6ToCSharp.csproj" Id="92f75129-0ec1-47ba-85a7-e47f9eb140fd" />
  <Folder Name="/VB6/">
    <File Path="VB6/CApp.cls" />
    <File Path="VB6/CCircle.cls" />
    <File Path="VB6/CCounter.cls" />
    <File Path="VB6/CWatcher.cls" />
    <File Path="VB6/frmMain.frm" />
    <File Path="VB6/IShape.cls" />
    <File Path="VB6/modLegacy.bas" />
    <File Path="VB6/modMain.bas" />
    <File Path="VB6/Showcase.vbp" />
  </Folder>
  <Folder Name="/VBG/">
    <File Path="VBG/Group.vbg" />
  </Folder>
  <Folder Name="/VBG/Exe/">
    <File Path="VBG/Exe/CSquare.cls" />
    <File Path="VBG/Exe/Exe.vbp" />
    <File Path="VBG/Exe/frmMain.frm" />
    <File Path="VBG/Exe/modCommon.bas" />
    <File Path="VBG/Exe/modExe.bas" />
  </Folder>
  <Folder Name="/VBG/Lib/">
    <File Path="VBG/Lib/CCircle.cls" />
    <File Path="VBG/Lib/CHelper.cls" />
    <File Path="VBG/Lib/IShape.cls" />
    <File Path="VBG/Lib/Lib.vbp" />
    <File Path="VBG/Lib/modCommon.bas" />
  </Folder>
  <Project Path="Vb6ToCSharp.Console/Vb6ToCSharp.Console.csproj" />
</Solution>
